{
  "requires": true,
  "lockfileVersion": 1,
  "dependencies": {
    "brain.js": {
      "version": "2.0.0-beta.18",
      "resolved": "https://registry.npmjs.org/brain.js/-/brain.js-2.0.0-beta.18.tgz",
      "integrity": "sha512-yRCPzT7IIcIOy3qU7jSh8k607Bv5nuYP7JAQ4V93ZZdk5eniHFDZ11GtMiTEW8N6tMBfkOW2kG5X0yO8S+zD1g==",
      "requires": {
        "thaw.js": "^2.1.4"
      }
    },
    "thaw.js": {
      "version": "2.1.4",
      "resolved": "https://registry.npmjs.org/thaw.js/-/thaw.js-2.1.4.tgz",
      "integrity": "sha512-si9DSzEzOBUpbE41wE4Q6NXzXDYZfrniYocrduNtNDwLWj1Auueq8UzgePMQa5gfcQtVCG2OmlCTaHldtno3Vw=="
    }
  }
}
